
Microsoft Visual Studio Solution File, Format Version 12.00
# Visual Studio 15
VisualStudioVersion = 15.0.28010.2041
MinimumVisualStudioVersion = 10.0.40219.1
Project("{FAE04EC0-301F-11D3-BF4B-00C04F79EFBC}") = "Example.WebApi", "Example.WebApi\Example.WebApi.csproj", "{7890D043-DF7F-4415-A380-7D0DBD76CE2D}"
EndProject
Project("{2150E333-8FDC-42A3-9474-1A3956D46DE8}") = "01.Common", "01.Common", "{FF6EAAAA-DB8A-4215-8E03-567DE1F5F4AD}"
EndProject
Project("{FAE04EC0-301F-11D3-BF4B-00C04F79EFBC}") = "Common.RabbitMQ", "Common.RabbitMQ\Common.RabbitMQ.csproj", "{EA8C2CE3-F674-4CD8-8E69-28F51271D442}"
EndProject
Project("{FAE04EC0-301F-11D3-BF4B-00C04F79EFBC}") = "Common.HttpClient", "Common.HttpClient\Common.HttpClient.csproj", "{6DA0E5FC-4142-41BB-BA6D-0390D0D7B0F6}"
EndProject
Project("{FAE04EC0-301F-11D3-BF4B-00C04F79EFBC}") = "Common.Settings", "Common.Settings\Common.Settings.csproj", "{A0C64CE7-A247-4149-BDD8-3A452ADD09C2}"
EndProject
Project("{2150E333-8FDC-42A3-9474-1A3956D46DE8}") = "02.Repository", "02.Repository", "{D0A971F7-C4F1-4ADF-AA9A-40D6CF7BF8C7}"
EndProject
Project("{2150E333-8FDC-42A3-9474-1A3956D46DE8}") = "03.Business", "03.Business", "{65ABEBAB-8501-46C2-8227-53C962F715E6}"
EndProject
Project("{2150E333-8FDC-42A3-9474-1A3956D46DE8}") = "04.Api", "04.Api", "{07C986E9-EA90-4F4C-80AB-1996B40545E3}"
EndProject
Project("{FAE04EC0-301F-11D3-BF4B-00C04F79EFBC}") = "Example.MySQL.Repository", "Example.MySQL.Repository\Example.MySQL.Repository.csproj", "{40BB030C-4A84-47A6-BB07-63F427BB9633}"
EndProject
Project("{FAE04EC0-301F-11D3-BF4B-00C04F79EFBC}") = "Example.Redis.Repository", "Example.Redis.Repository\Example.Redis.Repository.csproj", "{E9C8AC4A-34EE-414E-B2B3-6496198E6CFB}"
EndProject
Project("{FAE04EC0-301F-11D3-BF4B-00C04F79EFBC}") = "Example.MSSQL.Repository", "Example.MSSQL.Repository\Example.MSSQL.Repository.csproj", "{8D4EF9D8-5FFB-4B2B-A32B-4C325176ACC8}"
EndProject
Project("{FAE04EC0-301F-11D3-BF4B-00C04F79EFBC}") = "Common", "Common\Common.csproj", "{308CF55A-23E6-4753-91E0-FD7CE845BF90}"
EndProject
Project("{FAE04EC0-301F-11D3-BF4B-00C04F79EFBC}") = "Example.IBusiness", "Example.IBusiness\Example.IBusiness.csproj", "{7AF31754-CA12-43DE-9ED0-A1431C0443E8}"
EndProject
Project("{FAE04EC0-301F-11D3-BF4B-00C04F79EFBC}") = "Example.Business", "Example.Business\Example.Business.csproj", "{2C00B7B7-F0A9-4C27-AE69-181EB4B50A22}"
EndProject
Project("{2150E333-8FDC-42A3-9474-1A3956D46DE8}") = "05.Service", "05.Service", "{580AA1E9-D8B7-4193-8F7E-6D1D429AEFB1}"
EndProject
Project("{FAE04EC0-301F-11D3-BF4B-00C04F79EFBC}") = "ConsoleApp1", "ConsoleApp1\ConsoleApp1.csproj", "{95EB41C5-9918-4E4B-918E-545BFF82D952}"
EndProject
Project("{FAE04EC0-301F-11D3-BF4B-00C04F79EFBC}") = "Example.MongoDB.Repository", "Example.MongoDB.Repository\Example.MongoDB.Repository.csproj", "{75DA322E-A76F-490D-B32A-AE4DDCB9BE76}"
EndProject
Global
	GlobalSection(SolutionConfigurationPlatforms) = preSolution
		Debug|Any CPU = Debug|Any CPU
		Release|Any CPU = Release|Any CPU
	EndGlobalSection
	GlobalSection(ProjectConfigurationPlatforms) = postSolution
		{7890D043-DF7F-4415-A380-7D0DBD76CE2D}.Debug|Any CPU.ActiveCfg = Debug|Any CPU
		{7890D043-DF7F-4415-A380-7D0DBD76CE2D}.Debug|Any CPU.Build.0 = Debug|Any CPU
		{7890D043-DF7F-4415-A380-7D0DBD76CE2D}.Release|Any CPU.ActiveCfg = Release|Any CPU
		{7890D043-DF7F-4415-A380-7D0DBD76CE2D}.Release|Any CPU.Build.0 = Release|Any CPU
		{EA8C2CE3-F674-4CD8-8E69-28F51271D442}.Debug|Any CPU.ActiveCfg = Debug|Any CPU
		{EA8C2CE3-F674-4CD8-8E69-28F51271D442}.Debug|Any CPU.Build.0 = Debug|Any CPU
		{EA8C2CE3-F674-4CD8-8E69-28F51271D442}.Release|Any CPU.ActiveCfg = Release|Any CPU
		{EA8C2CE3-F674-4CD8-8E69-28F51271D442}.Release|Any CPU.Build.0 = Release|Any CPU
		{6DA0E5FC-4142-41BB-BA6D-0390D0D7B0F6}.Debug|Any CPU.ActiveCfg = Debug|Any CPU
		{6DA0E5FC-4142-41BB-BA6D-0390D0D7B0F6}.Debug|Any CPU.Build.0 = Debug|Any CPU
		{6DA0E5FC-4142-41BB-BA6D-0390D0D7B0F6}.Release|Any CPU.ActiveCfg = Release|Any CPU
		{6DA0E5FC-4142-41BB-BA6D-0390D0D7B0F6}.Release|Any CPU.Build.0 = Release|Any CPU
		{A0C64CE7-A247-4149-BDD8-3A452ADD09C2}.Debug|Any CPU.ActiveCfg = Debug|Any CPU
		{A0C64CE7-A247-4149-BDD8-3A452ADD09C2}.Debug|Any CPU.Build.0 = Debug|Any CPU
		{A0C64CE7-A247-4149-BDD8-3A452ADD09C2}.Release|Any CPU.ActiveCfg = Release|Any CPU
		{A0C64CE7-A247-4149-BDD8-3A452ADD09C2}.Release|Any CPU.Build.0 = Release|Any CPU
		{40BB030C-4A84-47A6-BB07-63F427BB9633}.Debug|Any CPU.ActiveCfg = Debug|Any CPU
		{40BB030C-4A84-47A6-BB07-63F427BB9633}.Debug|Any CPU.Build.0 = Debug|Any CPU
		{40BB030C-4A84-47A6-BB07-63F427BB9633}.Release|Any CPU.ActiveCfg = Release|Any CPU
		{40BB030C-4A84-47A6-BB07-63F427BB9633}.Release|Any CPU.Build.0 = Release|Any CPU
		{E9C8AC4A-34EE-414E-B2B3-6496198E6CFB}.Debug|Any CPU.ActiveCfg = Debug|Any CPU
		{E9C8AC4A-34EE-414E-B2B3-6496198E6CFB}.Debug|Any CPU.Build.0 = Debug|Any CPU
		{E9C8AC4A-34EE-414E-B2B3-6496198E6CFB}.Release|Any CPU.ActiveCfg = Release|Any CPU
		{E9C8AC4A-34EE-414E-B2B3-6496198E6CFB}.Release|Any CPU.Build.0 = Release|Any CPU
		{8D4EF9D8-5FFB-4B2B-A32B-4C325176ACC8}.Debug|Any CPU.ActiveCfg = Debug|Any CPU
		{8D4EF9D8-5FFB-4B2B-A32B-4C325176ACC8}.Debug|Any CPU.Build.0 = Debug|Any CPU
		{8D4EF9D8-5FFB-4B2B-A32B-4C325176ACC8}.Release|Any CPU.ActiveCfg = Release|Any CPU
		{8D4EF9D8-5FFB-4B2B-A32B-4C325176ACC8}.Release|Any CPU.Build.0 = Release|Any CPU
		{308CF55A-23E6-4753-91E0-FD7CE845BF90}.Debug|Any CPU.ActiveCfg = Debug|Any CPU
		{308CF55A-23E6-4753-91E0-FD7CE845BF90}.Debug|Any CPU.Build.0 = Debug|Any CPU
		{308CF55A-23E6-4753-91E0-FD7CE845BF90}.Release|Any CPU.ActiveCfg = Release|Any CPU
		{308CF55A-23E6-4753-91E0-FD7CE845BF90}.Release|Any CPU.Build.0 = Release|Any CPU
		{7AF31754-CA12-43DE-9ED0-A1431C0443E8}.Debug|Any CPU.ActiveCfg = Debug|Any CPU
		{7AF31754-CA12-43DE-9ED0-A1431C0443E8}.Debug|Any CPU.Build.0 = Debug|Any CPU
		{7AF31754-CA12-43DE-9ED0-A1431C0443E8}.Release|Any CPU.ActiveCfg = Release|Any CPU
		{7AF31754-CA12-43DE-9ED0-A1431C0443E8}.Release|Any CPU.Build.0 = Release|Any CPU
		{2C00B7B7-F0A9-4C27-AE69-181EB4B50A22}.Debug|Any CPU.ActiveCfg = Debug|Any CPU
		{2C00B7B7-F0A9-4C27-AE69-181EB4B50A22}.Debug|Any CPU.Build.0 = Debug|Any CPU
		{2C00B7B7-F0A9-4C27-AE69-181EB4B50A22}.Release|Any CPU.ActiveCfg = Release|Any CPU
		{2C00B7B7-F0A9-4C27-AE69-181EB4B50A22}.Release|Any CPU.Build.0 = Release|Any CPU
		{95EB41C5-9918-4E4B-918E-545BFF82D952}.Debug|Any CPU.ActiveCfg = Debug|Any CPU
		{95EB41C5-9918-4E4B-918E-545BFF82D952}.Debug|Any CPU.Build.0 = Debug|Any CPU
		{95EB41C5-9918-4E4B-918E-545BFF82D952}.Release|Any CPU.ActiveCfg = Release|Any CPU
		{95EB41C5-9918-4E4B-918E-545BFF82D952}.Release|Any CPU.Build.0 = Release|Any CPU
		{75DA322E-A76F-490D-B32A-AE4DDCB9BE76}.Debug|Any CPU.ActiveCfg = Debug|Any CPU
		{75DA322E-A76F-490D-B32A-AE4DDCB9BE76}.Debug|Any CPU.Build.0 = Debug|Any CPU
		{75DA322E-A76F-490D-B32A-AE4DDCB9BE76}.Release|Any CPU.ActiveCfg = Release|Any CPU
		{75DA322E-A76F-490D-B32A-AE4DDCB9BE76}.Release|Any CPU.Build.0 = Release|Any CPU
	EndGlobalSection
	GlobalSection(SolutionProperties) = preSolution
		HideSolutionNode = FALSE
	EndGlobalSection
	GlobalSection(NestedProjects) = preSolution
		{7890D043-DF7F-4415-A380-7D0DBD76CE2D} = {07C986E9-EA90-4F4C-80AB-1996B40545E3}
		{EA8C2CE3-F674-4CD8-8E69-28F51271D442} = {FF6EAAAA-DB8A-4215-8E03-567DE1F5F4AD}
		{6DA0E5FC-4142-41BB-BA6D-0390D0D7B0F6} = {FF6EAAAA-DB8A-4215-8E03-567DE1F5F4AD}
		{A0C64CE7-A247-4149-BDD8-3A452ADD09C2} = {FF6EAAAA-DB8A-4215-8E03-567DE1F5F4AD}
		{40BB030C-4A84-47A6-BB07-63F427BB9633} = {D0A971F7-C4F1-4ADF-AA9A-40D6CF7BF8C7}
		{E9C8AC4A-34EE-414E-B2B3-6496198E6CFB} = {D0A971F7-C4F1-4ADF-AA9A-40D6CF7BF8C7}
		{8D4EF9D8-5FFB-4B2B-A32B-4C325176ACC8} = {D0A971F7-C4F1-4ADF-AA9A-40D6CF7BF8C7}
		{308CF55A-23E6-4753-91E0-FD7CE845BF90} = {FF6EAAAA-DB8A-4215-8E03-567DE1F5F4AD}
		{7AF31754-CA12-43DE-9ED0-A1431C0443E8} = {65ABEBAB-8501-46C2-8227-53C962F715E6}
		{2C00B7B7-F0A9-4C27-AE69-181EB4B50A22} = {65ABEBAB-8501-46C2-8227-53C962F715E6}
		{95EB41C5-9918-4E4B-918E-545BFF82D952} = {580AA1E9-D8B7-4193-8F7E-6D1D429AEFB1}
		{75DA322E-A76F-490D-B32A-AE4DDCB9BE76} = {D0A971F7-C4F1-4ADF-AA9A-40D6CF7BF8C7}
	EndGlobalSection
	GlobalSection(ExtensibilityGlobals) = postSolution
		SolutionGuid = {535CC5B6-4C2A-49E3-9B9A-B582EEBEB76F}
	EndGlobalSection
EndGlobal
